# THIS IS AN AUTOGENERATED FILE. DO NOT EDIT THIS FILE DIRECTLY.
# yarn lockfile v1


expo-constants@^7.0.0:
  version "7.0.1"
  resolved "https://registry.yarnpkg.com/expo-constants/-/expo-constants-7.0.1.tgz#87be02b6dae5c44a3246537452a0d77af15d46bf"
  integrity sha512-n9S6lsEfTAhLY+x/Yrtc1rvVUhuEF+CcSWr/reAIGtk35+PYrAKfV4pbetRtqX9tl947bJv7kBQX6jpwYpeIpQ==
  dependencies:
    ua-parser-js "^0.7.19"

ua-parser-js@^0.7.19:
  version "0.7.20"
  resolved "https://registry.yarnpkg.com/ua-parser-js/-/ua-parser-js-0.7.20.tgz#7527178b82f6a62a0f243d1f94fd30e3e3c21098"
  integrity sha512-8OaIKfzL5cpx8eCMAhhvTlft8GYF8b2eQr6JkCyVdrgjcytyOmPCXrqXFcUnhonRpLlh5yxEZVohm6mzaowUOw==
