# THIS IS AN AUTOGENERATED FILE. DO NOT EDIT THIS FILE DIRECTLY.
# yarn lockfile v1


expo-constants@^6.0.0:
  version "6.0.0"
  resolved "https://registry.yarnpkg.com/expo-constants/-/expo-constants-6.0.0.tgz#ff4598985ba006e24949be3f05be7429e5bedacf"
  integrity sha512-O0yL3Ok0YUEWpAqsWjOdgFD/lMfg8PUGH/nq31CZ1s7cuFUlksD42i5YhIRlb0Pa/btK8X9LpfY3eWhx9eTmbg==
  dependencies:
    ua-parser-js "^0.7.19"

ua-parser-js@^0.7.19:
  version "0.7.20"
  resolved "https://registry.yarnpkg.com/ua-parser-js/-/ua-parser-js-0.7.20.tgz#7527178b82f6a62a0f243d1f94fd30e3e3c21098"
  integrity sha512-8OaIKfzL5cpx8eCMAhhvTlft8GYF8b2eQr6JkCyVdrgjcytyOmPCXrqXFcUnhonRpLlh5yxEZVohm6mzaowUOw==
